<?xml version="1.0" encoding="UTF-8"?>
<Scheme
   version = "1.3">
   <BuildAction>
      <BuildActionEntries>
         <BuildActionEntry
            buildForRunning = "YES">
            <BuildableReference
               BuildableIdentifier = "primary"
               BlueprintIdentifier = "4FEF49247D9B42D0ADF7AAF4"
               BuildableName = "PeripheralConnection.app"
               BlueprintName = "PeripheralConnection"
               ReferencedContainer = "container:PeripheralConnection.xcodeproj">
            </BuildableReference>
         </BuildActionEntry>
      </BuildActionEntries>
   </BuildAction>
   <LaunchAction
      useCustomWorkingDirectory = "NO"
      buildConfiguration = "Debug"
      allowLocationSimulation = "YES">
      <BuildableProductRunnable>
         <BuildableReference
            BuildableIdentifier = "primary"
            BlueprintIdentifier = "4FEF49247D9B42D0ADF7AAF4"
            BuildableName = "PeripheralConnection.app"
            BlueprintName = "PeripheralConnection"
            ReferencedContainer = "container:PeripheralConnection.xcodeproj">
         </BuildableReference>
      </BuildableProductRunnable>
   </LaunchAction>
</Scheme>
